{
  "originHash" : "a6cd8e6454757b406610b8f6cb474d651f037020fa2bd933f4cad8fe37619269",
  "pins" : [
    {
      "identity" : "capacitor-swift-pm",
      "kind" : "remoteSourceControl",
      "location" : "https://github.com/ionic-team/capacitor-swift-pm.git",
      "state" : {
        "revision" : "6a2a3feb25fda8df2a284d0818bc9c83e57a7d56",
        "version" : "8.3.0"
      }
    }
  ],
  "version" : 3
}
